// !$*UTF8*$!
{
	archiveVersion = 1;
	classes = {
	};
	objectVersion = 50;
	objects = {

/* Begin PBXBuildFile section */
		3BACE74F25CBF0A900D90368 /* AppDelegate.swift in Sources */ = {isa = PBXBuildFile; fileRef = 3BACE74E25CBF0A900D90368 /* AppDelegate.swift */; };
		3BACE75125CBF0A900D90368 /* SceneDelegate.swift in Sources */ = {isa = PBXBuildFile; fileRef = 3BACE75025CBF0A900D90368 /* SceneDelegate.swift */; };
		3BACE75325CBF0A900D90368 /* ViewController.swift in Sources */ = {isa = PBXBuildFile; fileRef = 3BACE75225CBF0A900D90368 /* ViewController.swift */; };
		3BACE75625CBF0A900D90368 /* Main.storyboard in Resources */ = {isa = PBXBuildFile; fileRef = 3BACE75425CBF0A900D90368 /* Main.storyboard */; };
		3BACE75825CBF0AA00D90368 /* Assets.xcassets in Resources */ = {isa = PBXBuildFile; fileRef = 3BACE75725CBF0AA00D90368 /* Assets.xcassets */; };
		3BACE75B25CBF0AA00D90368 /* LaunchScreen.storyboard in Resources */ = {isa = PBXBuildFile; fileRef = 3BACE75925CBF0AA00D90368 /* LaunchScreen.storyboard */; };
		3BACE76525CBF33100D90368 /* MainViewController.swift in Sources */ = {isa = PBXBuildFile; fileRef = 3BACE76325CBF33100D90368 /* MainViewController.swift */; };
		3BACE76625CBF33100D90368 /* MainViewController.xib in Resources */ = {isa = PBXBuildFile; fileRef = 3BACE76425CBF33100D90368 /* MainViewController.xib */; };
		3BACE76925CBFB5B00D90368 /* RecipeCollectionViewCell.swift in Sources */ = {isa = PBXBuildFile; fileRef = 3BACE76725CBFB5B00D90368 /* RecipeCollectionViewCell.swift */; };
		3BACE76A25CBFB5B00D90368 /* RecipeCollectionViewCell.xib in Resources */ = {isa = PBXBuildFile; fileRef = 3BACE76825CBFB5B00D90368 /* RecipeCollectionViewCell.xib */; };
/* End PBXBuildFile section */

/* Begin PBXFileReference section */
		3BACE74B25CBF0A900D90368 /* RecipeNote.app */ = {isa = PBXFileReference; explicitFileType = wrapper.application; includeInIndex = 0; path = RecipeNote.app; sourceTree = BUILT_PRODUCTS_DIR; };
		3BACE74E25CBF0A900D90368 /* AppDelegate.swift */ = {isa = PBXFileReference; lastKnownFileType = sourcecode.swift; path = AppDelegate.swift; sourceTree = "<group>"; };
		3BACE75025CBF0A900D90368 /* SceneDelegate.swift */ = {isa = PBXFileReference; lastKnownFileType = sourcecode.swift; path = SceneDelegate.swift; sourceTree = "<group>"; };
		3BACE75225CBF0A900D90368 /* ViewController.swift */ = {isa = PBXFileReference; lastKnownFileType = sourcecode.swift; path = ViewController.swift; sourceTree = "<group>"; };
		3BACE75525CBF0A900D90368 /* Base */ = {isa = PBXFileReference; lastKnownFileType = file.storyboard; name = Base; path = Base.lproj/Main.storyboard; sourceTree = "<group>"; };
		3BACE75725CBF0AA00D90368 /* Assets.xcassets */ = {isa = PBXFileReference; lastKnownFileType = folder.assetcatalog; path = Assets.xcassets; sourceTree = "<group>"; };
		3BACE75A25CBF0AA00D90368 /* Base */ = {isa = PBXFileReference; lastKnownFileType = file.storyboard; name = Base; path = Base.lproj/LaunchScreen.storyboard; sourceTree = "<group>"; };
		3BACE75C25CBF0AA00D90368 /* Info.plist */ = {isa = PBXFileReference; lastKnownFileType = text.plist.xml; path = Info.plist; sourceTree = "<group>"; };
		3BACE76325CBF33100D90368 /* MainViewController.swift */ = {isa = PBXFileReference; lastKnownFileType = sourcecode.swift; path = MainViewController.swift; sourceTree = "<group>"; };
		3BACE76425CBF33100D90368 /* MainViewController.xib */ = {isa = PBXFileReference; lastKnownFileType = file.xib; path = MainViewController.xib; sourceTree = "<group>"; };
		3BACE76725CBFB5B00D90368 /* RecipeCollectionViewCell.swift */ = {isa = PBXFileReference; lastKnownFileType = sourcecode.swift; path = RecipeCollectionViewCell.swift; sourceTree = "<group>"; };
		3BACE76825CBFB5B00D90368 /* RecipeCollectionViewCell.xib */ = {isa = PBXFileReference; lastKnownFileType = file.xib; path = RecipeCollectionViewCell.xib; sourceTree = "<group>"; };
/* End PBXFileReference section */

/* Begin PBXFrameworksBuildPhase section */
		3BACE74825CBF0A900D90368 /* Frameworks */ = {
			isa = PBXFrameworksBuildPhase;
			buildActionMask = 2147483647;
			files = (
			);
			runOnlyForDeploymentPostprocessing = 0;
		};
/* End PBXFrameworksBuildPhase section */

/* Begin PBXGroup section */
		3BACE74225CBF0A900D90368 = {
			isa = PBXGroup;
			children = (
				3BACE74D25CBF0A900D90368 /* RecipeNote */,
				3BACE74C25CBF0A900D90368 /* Products */,
			);
			sourceTree = "<group>";
		};
		3BACE74C25CBF0A900D90368 /* Products */ = {
			isa = PBXGroup;
			children = (
				3BACE74B25CBF0A900D90368 /* RecipeNote.app */,
			);
			name = Products;
			sourceTree = "<group>";
		};
		3BACE74D25CBF0A900D90368 /* RecipeNote */ = {
			isa = PBXGroup;
			children = (
				3BACE76225CBF2F800D90368 /* ViewControllers */,
				3BACE74E25CBF0A900D90368 /* AppDelegate.swift */,
				3BACE75025CBF0A900D90368 /* SceneDelegate.swift */,
				3BACE75225CBF0A900D90368 /* ViewController.swift */,
				3BACE75425CBF0A900D90368 /* Main.storyboard */,
				3BACE75725CBF0AA00D90368 /* Assets.xcassets */,
				3BACE75925CBF0AA00D90368 /* LaunchScreen.storyboard */,
				3BACE75C25CBF0AA00D90368 /* Info.plist */,
			);
			path = RecipeNote;
			sourceTree = "<group>";
		};
		3BACE76225CBF2F800D90368 /* ViewControllers */ = {
			isa = PBXGroup;
			children = (
				3BACE76325CBF33100D90368 /* MainViewController.swift */,
				3BACE76425CBF33100D90368 /* MainViewController.xib */,
				3BACE76725CBFB5B00D90368 /* RecipeCollectionViewCell.swift */,
				3BACE76825CBFB5B00D90368 /* RecipeCollectionViewCell.xib */,
			);
			path = ViewControllers;
			sourceTree = "<group>";
		};
/* End PBXGroup section */

/* Begin PBXNativeTarget section */
		3BACE74A25CBF0A900D90368 /* RecipeNote */ = {
			isa = PBXNativeTarget;
			buildConfigurationList = 3BACE75F25CBF0AA00D90368 /* Build configuration list for PBXNativeTarget "RecipeNote" */;
			buildPhases = (
				3BACE74725CBF0A900D90368 /* Sources */,
				3BACE74825CBF0A900D90368 /* Frameworks */,
				3BACE74925CBF0A900D90368 /* Resources */,
			);
			buildRules = (
			);
			dependencies = (
			);
			name = RecipeNote;
			productName = RecipeNote;
			productReference = 3BACE74B25CBF0A900D90368 /* RecipeNote.app */;
			productType = "com.apple.product-type.application";
		};
/* End PBXNativeTarget section */

/* Begin PBXProject section */
		3BACE74325CBF0A900D90368 /* Project object */ = {
			isa = PBXProject;
			attributes = {
				LastSwiftUpdateCheck = 1160;
				LastUpgradeCheck = 1160;
				ORGANIZATIONNAME = "Kim SuJin";
				TargetAttributes = {
					3BACE74A25CBF0A900D90368 = {
						CreatedOnToolsVersion = 11.6;
					};
				};
			};
			buildConfigurationList = 3BACE74625CBF0A900D90368 /* Build configuration list for PBXProject "RecipeNote" */;
			compatibilityVersion = "Xcode 9.3";
			developmentRegion = en;
			hasScannedForEncodings = 0;
			knownRegions = (
				en,
				Base,
			);
			mainGroup = 3BACE74225CBF0A900D90368;
			productRefGroup = 3BACE74C25CBF0A900D90368 /* Products */;
			projectDirPath = "";
			projectRoot = "";
			targets = (
				3BACE74A25CBF0A900D90368 /* RecipeNote */,
			);
		};
/* End PBXProject section */

/* Begin PBXResourcesBuildPhase section */
		3BACE74925CBF0A900D90368 /* Resources */ = {
			isa = PBXResourcesBuildPhase;
			buildActionMask = 2147483647;
			files = (
				3BACE76A25CBFB5B00D90368 /* RecipeCollectionViewCell.xib in Resources */,
				3BACE75B25CBF0AA00D90368 /* LaunchScreen.storyboard in Resources */,
				3BACE75825CBF0AA00D90368 /* Assets.xcassets in Resources */,
				3BACE75625CBF0A900D90368 /* Main.storyboard in Resources */,
				3BACE76625CBF33100D90368 /* MainViewController.xib in Resources */,
			);
			runOnlyForDeploymentPostprocessing = 0;
		};
/* End PBXResourcesBuildPhase section */

/* Begin PBXSourcesBuildPhase section */
		3BACE74725CBF0A900D90368 /* Sources */ = {
			isa = PBXSourcesBuildPhase;
			buildActionMask = 2147483647;
			files = (
				3BACE75325CBF0A900D90368 /* ViewController.swift in Sources */,
				3BACE74F25CBF0A900D90368 /* AppDelegate.swift in Sources */,
				3BACE76925CBFB5B00D90368 /* RecipeCollectionViewCell.swift in Sources */,
				3BACE75125CBF0A900D90368 /* SceneDelegate.swift in Sources */,
				3BACE76525CBF33100D90368 /* MainViewController.swift in Sources */,
			);
			runOnlyForDeploymentPostprocessing = 0;
		};
/* End PBXSourcesBuildPhase section */

/* Begin PBXVariantGroup section */
		3BACE75425CBF0A900D90368 /* Main.storyboard */ = {
			isa = PBXVariantGroup;
			children = (
				3BACE75525CBF0A900D90368 /* Base */,
			);
			name = Main.storyboard;
			sourceTree = "<group>";
		};
		3BACE75925CBF0AA00D90368 /* LaunchScreen.storyboard */ = {
			isa = PBXVariantGroup;
			children = (
				3BACE75A25CBF0AA00D90368 /* Base */,
			);
			name = LaunchScreen.storyboard;
			sourceTree = "<group>";
		};
/* End PBXVariantGroup section */

/* Begin XCBuildConfiguration section */
		3BACE75D25CBF0AA00D90368 /* Debug */ = {
			isa = XCBuildConfiguration;
			buildSettings = {
				ALWAYS_SEARCH_USER_PATHS = NO;
				CLANG_ANALYZER_NONNULL = YES;
				CLANG_ANALYZER_NUMBER_OBJECT_CONVERSION = YES_AGGRESSIVE;
				CLANG_CXX_LANGUAGE_STANDARD = "gnu++14";
				CLANG_CXX_LIBRARY = "libc++";
				CLANG_ENABLE_MODULES = YES;
				CLANG_ENABLE_OBJC_ARC = YES;
				CLANG_ENABLE_OBJC_WEAK = YES;
				CLANG_WARN_BLOCK_CAPTURE_AUTORELEASING = YES;
				CLANG_WARN_BOOL_CONVERSION = YES;
				CLANG_WARN_COMMA = YES;
				CLANG_WARN_CONSTANT_CONVERSION = YES;
				CLANG_WARN_DEPRECATED_OBJC_IMPLEMENTATIONS = YES;
				CLANG_WARN_DIRECT_OBJC_ISA_USAGE = YES_ERROR;
				CLANG_WARN_DOCUMENTATION_COMMENTS = YES;
				CLANG_WARN_EMPTY_BODY = YES;
				CLANG_WARN_ENUM_CONVERSION = YES;
				CLANG_WARN_INFINITE_RECURSION = YES;
				CLANG_WARN_INT_CONVERSION = YES;
				CLANG_WARN_NON_LITERAL_NULL_CONVERSION = YES;
				CLANG_WARN_OBJC_IMPLICIT_RETAIN_SELF = YES;
				CLANG_WARN_OBJC_LITERAL_CONVERSION = YES;
				CLANG_WARN_OBJC_ROOT_CLASS = YES_ERROR;
				CLANG_WARN_RANGE_LOOP_ANALYSIS = YES;
				CLANG_WARN_STRICT_PROTOTYPES = YES;
				CLANG_WARN_SUSPICIOUS_MOVE = YES;
				CLANG_WARN_UNGUARDED_AVAILABILITY = YES_AGGRESSIVE;
				CLANG_WARN_UNREACHABLE_CODE = YES;
				CLANG_WARN__DUPLICATE_METHOD_MATCH = YES;
				COPY_PHASE_STRIP = NO;
				DEBUG_INFORMATION_FORMAT = dwarf;
				ENABLE_STRICT_OBJC_MSGSEND = YES;
				ENABLE_TESTABILITY = YES;
				GCC_C_LANGUAGE_STANDARD = gnu11;
				GCC_DYNAMIC_NO_PIC = NO;
				GCC_NO_COMMON_BLOCKS = YES;
				GCC_OPTIMIZATION_LEVEL = 0;
				GCC_PREPROCESSOR_DEFINITIONS = (
					"DEBUG=1",
					"$(inherited)",
				);
				GCC_WARN_64_TO_32_BIT_CONVERSION = YES;
				GCC_WARN_ABOUT_RETURN_TYPE = YES_ERROR;
				GCC_WARN_UNDECLARED_SELECTOR = YES;
				GCC_WARN_UNINITIALIZED_AUTOS = YES_AGGRESSIVE;
				GCC_WARN_UNUSED_FUNCTION = YES;
				GCC_WARN_UNUSED_VARIABLE = YES;
				IPHONEOS_DEPLOYMENT_TARGET = 13.6;
				MTL_ENABLE_DEBUG_INFO = INCLUDE_SOURCE;
				MTL_FAST_MATH = YES;
				ONLY_ACTIVE_ARCH = YES;
				SDKROOT = iphoneos;
				SWIFT_ACTIVE_COMPILATION_CONDITIONS = DEBUG;
				SWIFT_OPTIMIZATION_LEVEL = "-Onone";
			};
			name = Debug;
		};
		3BACE75E25CBF0AA00D90368 /* Release */ = {
			isa = XCBuildConfiguration;
			buildSettings = {
				ALWAYS_SEARCH_USER_PATHS = NO;
				CLANG_ANALYZER_NONNULL = YES;
				CLANG_ANALYZER_NUMBER_OBJECT_CONVERSION = YES_AGGRESSIVE;
				CLANG_CXX_LANGUAGE_STANDARD = "gnu++14";
				CLANG_CXX_LIBRARY = "libc++";
				CLANG_ENABLE_MODULES = YES;
				CLANG_ENABLE_OBJC_ARC = YES;
				CLANG_ENABLE_OBJC_WEAK = YES;
				CLANG_WARN_BLOCK_CAPTURE_AUTORELEASING = YES;
				CLANG_WARN_BOOL_CONVERSION = YES;
				CLANG_WARN_COMMA = YES;
				CLANG_WARN_CONSTANT_CONVERSION = YES;
				CLANG_WARN_DEPRECATED_OBJC_IMPLEMENTATIONS = YES;
				CLANG_WARN_DIRECT_OBJC_ISA_USAGE = YES_ERROR;
				CLANG_WARN_DOCUMENTATION_COMMENTS = YES;
				CLANG_WARN_EMPTY_BODY = YES;
				CLANG_WARN_ENUM_CONVERSION = YES;
				CLANG_WARN_INFINITE_RECURSION = YES;
				CLANG_WARN_INT_CONVERSION = YES;
				CLANG_WARN_NON_LITERAL_NULL_CONVERSION = YES;
				CLANG_WARN_OBJC_IMPLICIT_RETAIN_SELF = YES;
				CLANG_WARN_OBJC_LITERAL_CONVERSION = YES;
				CLANG_WARN_OBJC_ROOT_CLASS = YES_ERROR;
				CLANG_WARN_RANGE_LOOP_ANALYSIS = YES;
				CLANG_WARN_STRICT_PROTOTYPES = YES;
				CLANG_WARN_SUSPICIOUS_MOVE = YES;
				CLANG_WARN_UNGUARDED_AVAILABILITY = YES_AGGRESSIVE;
				CLANG_WARN_UNREACHABLE_CODE = YES;
				CLANG_WARN__DUPLICATE_METHOD_MATCH = YES;
				COPY_PHASE_STRIP = NO;
				DEBUG_INFORMATION_FORMAT = "dwarf-with-dsym";
				ENABLE_NS_ASSERTIONS = NO;
				ENABLE_STRICT_OBJC_MSGSEND = YES;
				GCC_C_LANGUAGE_STANDARD = gnu11;
				GCC_NO_COMMON_BLOCKS = YES;
				GCC_WARN_64_TO_32_BIT_CONVERSION = YES;
				GCC_WARN_ABOUT_RETURN_TYPE = YES_ERROR;
				GCC_WARN_UNDECLARED_SELECTOR = YES;
				GCC_WARN_UNINITIALIZED_AUTOS = YES_AGGRESSIVE;
				GCC_WARN_UNUSED_FUNCTION = YES;
				GCC_WARN_UNUSED_VARIABLE = YES;
				IPHONEOS_DEPLOYMENT_TARGET = 13.6;
				MTL_ENABLE_DEBUG_INFO = NO;
				MTL_FAST_MATH = YES;
				SDKROOT = iphoneos;
				SWIFT_COMPILATION_MODE = wholemodule;
				SWIFT_OPTIMIZATION_LEVEL = "-O";
				VALIDATE_PRODUCT = YES;
			};
			name = Release;
		};
		3BACE76025CBF0AA00D90368 /* Debug */ = {
			isa = XCBuildConfiguration;
			buildSettings = {
				ASSETCATALOG_COMPILER_APPICON_NAME = AppIcon;
				CODE_SIGN_STYLE = Automatic;
				INFOPLIST_FILE = RecipeNote/Info.plist;
				LD_RUNPATH_SEARCH_PATHS = (
					"$(inherited)",
					"@executable_path/Frameworks",
				);
				PRODUCT_BUNDLE_IDENTIFIER = com.KimSJ.RecipeNote;
				PRODUCT_NAME = "$(TARGET_NAME)";
				SWIFT_VERSION = 5.0;
				TARGETED_DEVICE_FAMILY = "1,2";
			};
			name = Debug;
		};
		3BACE76125CBF0AA00D90368 /* Release */ = {
			isa = XCBuildConfiguration;
			buildSettings = {
				ASSETCATALOG_COMPILER_APPICON_NAME = AppIcon;
				CODE_SIGN_STYLE = Automatic;
				INFOPLIST_FILE = RecipeNote/Info.plist;
				LD_RUNPATH_SEARCH_PATHS = (
					"$(inherited)",
					"@executable_path/Frameworks",
				);
				PRODUCT_BUNDLE_IDENTIFIER = com.KimSJ.RecipeNote;
				PRODUCT_NAME = "$(TARGET_NAME)";
				SWIFT_VERSION = 5.0;
				TARGETED_DEVICE_FAMILY = "1,2";
			};
			name = Release;
		};
/* End XCBuildConfiguration section */

/* Begin XCConfigurationList section */
		3BACE74625CBF0A900D90368 /* Build configuration list for PBXProject "RecipeNote" */ = {
			isa = XCConfigurationList;
			buildConfigurations = (
				3BACE75D25CBF0AA00D90368 /* Debug */,
				3BACE75E25CBF0AA00D90368 /* Release */,
			);
			defaultConfigurationIsVisible = 0;
			defaultConfigurationName = Release;
		};
		3BACE75F25CBF0AA00D90368 /* Build configuration list for PBXNativeTarget "RecipeNote" */ = {
			isa = XCConfigurationList;
			buildConfigurations = (
				3BACE76025CBF0AA00D90368 /* Debug */,
				3BACE76125CBF0AA00D90368 /* Release */,
			);
			defaultConfigurationIsVisible = 0;
			defaultConfigurationName = Release;
		};
/* End XCConfigurationList section */
	};
	rootObject = 3BACE74325CBF0A900D90368 /* Project object */;
}
